Block_FL:
  name: "{series}-{va_rating}-{voltage}"
  manufacturer: Block
  series: FL
  description: "{va_rating}VA, 2x{voltage}, Dual Primary, Dual Secondary, Print Transformer"
  keywords: "{va_rating}VA PCB transformer"
  datasheet: "https://www.block.eu/fileadmin/Blaetterkatalog_und_ebook/eBook.pdf#page=278"
  dots: bottom
  primary: 2
  secondary: 2
  core: true
  footprint_library: "Transformer_THT"
  variants:
    power_rating:
    - va_rating: 2
      footprint: "Transformer_Block_FL-2_53x44x17.6mm"
    - va_rating: 4
      footprint: "Transformer_Block_FL-4_53x44x19.6mm"
    - va_rating: 6
      footprint: "Transformer_Block_FL-6_53x44x22.6mm"
    - va_rating: 8
      footprint: "Transformer_Block_FL-8_53x44x28.6mm"
    - va_rating: 10
      footprint: "Transformer_Block_FL-10_68x57x22.8mm"
    - va_rating: 14
      footprint: "Transformer_Block_FL-14_68x57x24.4mm"
    - va_rating: 18
      footprint: "Transformer_Block_FL-18_68x57x27.6mm"
    - va_rating: 24
      footprint: "Transformer_Block_FL-24_68x57x31.4mm"
    - va_rating: 30
      footprint: "Transformer_Block_FL-30_68x57x35.8mm"
    - va_rating: 42
      footprint: "Transformer_Block_FL-42_83.5x70x39mm"
    - va_rating: 52
      footprint: "Transformer_Block_FL-42_83.5x70x39mm"
    voltage: [5, 6, 8, 9, 12, 15, 18, 24]
